
Microsoft Visual Studio Solution File, Format Version 12.00
# Visual Studio Version 17
VisualStudioVersion = 17.11.35303.130
MinimumVisualStudioVersion = 10.0.40219.1
Project("{8BC9CEB8-8B4A-11D0-8D11-00A0C91BC942}") = "lw2", "lw2\lw2.vcxproj", "{645F4512-88DB-4B74-8648-AE50E13069E8}"
EndProject
Global
	GlobalSection(SolutionConfigurationPlatforms) = preSolution
		Debug|x64 = Debug|x64
		Debug|x86 = Debug|x86
		Release|x64 = Release|x64
		Release|x86 = Release|x86
	EndGlobalSection
	GlobalSection(ProjectConfigurationPlatforms) = postSolution
		{645F4512-88DB-4B74-8648-AE50E13069E8}.Debug|x64.ActiveCfg = Debug|x64
		{645F4512-88DB-4B74-8648-AE50E13069E8}.Debug|x64.Build.0 = Debug|x64
		{645F4512-88DB-4B74-8648-AE50E13069E8}.Debug|x86.ActiveCfg = Debug|Win32
		{645F4512-88DB-4B74-8648-AE50E13069E8}.Debug|x86.Build.0 = Debug|Win32
		{645F4512-88DB-4B74-8648-AE50E13069E8}.Release|x64.ActiveCfg = Release|x64
		{645F4512-88DB-4B74-8648-AE50E13069E8}.Release|x64.Build.0 = Release|x64
		{645F4512-88DB-4B74-8648-AE50E13069E8}.Release|x86.ActiveCfg = Release|Win32
		{645F4512-88DB-4B74-8648-AE50E13069E8}.Release|x86.Build.0 = Release|Win32
	EndGlobalSection
	GlobalSection(SolutionProperties) = preSolution
		HideSolutionNode = FALSE
	EndGlobalSection
	GlobalSection(ExtensibilityGlobals) = postSolution
		SolutionGuid = {C3BBEFBC-6696-4DFF-ABB5-F75839A1489F}
	EndGlobalSection
EndGlobal
