
Microsoft Visual Studio Solution File, Format Version 12.00
# Visual Studio Version 17
VisualStudioVersion = 17.11.35303.130
MinimumVisualStudioVersion = 10.0.40219.1
Project("{8BC9CEB8-8B4A-11D0-8D11-00A0C91BC942}") = "lw5", "lw5.vcxproj", "{C658C1A3-2134-481A-A2B5-24EB27CFBB80}"
EndProject
Global
	GlobalSection(SolutionConfigurationPlatforms) = preSolution
		Debug|x64 = Debug|x64
		Debug|x86 = Debug|x86
		Release|x64 = Release|x64
		Release|x86 = Release|x86
	EndGlobalSection
	GlobalSection(ProjectConfigurationPlatforms) = postSolution
		{C658C1A3-2134-481A-A2B5-24EB27CFBB80}.Debug|x64.ActiveCfg = Debug|x64
		{C658C1A3-2134-481A-A2B5-24EB27CFBB80}.Debug|x64.Build.0 = Debug|x64
		{C658C1A3-2134-481A-A2B5-24EB27CFBB80}.Debug|x86.ActiveCfg = Debug|Win32
		{C658C1A3-2134-481A-A2B5-24EB27CFBB80}.Debug|x86.Build.0 = Debug|Win32
		{C658C1A3-2134-481A-A2B5-24EB27CFBB80}.Release|x64.ActiveCfg = Release|x64
		{C658C1A3-2134-481A-A2B5-24EB27CFBB80}.Release|x64.Build.0 = Release|x64
		{C658C1A3-2134-481A-A2B5-24EB27CFBB80}.Release|x86.ActiveCfg = Release|Win32
		{C658C1A3-2134-481A-A2B5-24EB27CFBB80}.Release|x86.Build.0 = Release|Win32
	EndGlobalSection
	GlobalSection(SolutionProperties) = preSolution
		HideSolutionNode = FALSE
	EndGlobalSection
	GlobalSection(ExtensibilityGlobals) = postSolution
		SolutionGuid = {08918B4C-5F13-4523-9443-44FC9CE87A9F}
	EndGlobalSection
EndGlobal
